
Microsoft Visual Studio Solution File, Format Version 12.00
# Visual Studio Version 17
VisualStudioVersion = 17.7.34003.232
MinimumVisualStudioVersion = 10.0.40219.1
Project("{8BC9CEB8-8B4A-11D0-8D11-00A0C91BC942}") = "Pilas_internet", "Pilas_internet\Pilas_internet.vcxproj", "{12B5647C-45AF-4CD3-9527-8F2FDA150387}"
EndProject
Global
	GlobalSection(SolutionConfigurationPlatforms) = preSolution
		Debug|x64 = Debug|x64
		Debug|x86 = Debug|x86
		Release|x64 = Release|x64
		Release|x86 = Release|x86
	EndGlobalSection
	GlobalSection(ProjectConfigurationPlatforms) = postSolution
		{12B5647C-45AF-4CD3-9527-8F2FDA150387}.Debug|x64.ActiveCfg = Debug|x64
		{12B5647C-45AF-4CD3-9527-8F2FDA150387}.Debug|x64.Build.0 = Debug|x64
		{12B5647C-45AF-4CD3-9527-8F2FDA150387}.Debug|x86.ActiveCfg = Debug|Win32
		{12B5647C-45AF-4CD3-9527-8F2FDA150387}.Debug|x86.Build.0 = Debug|Win32
		{12B5647C-45AF-4CD3-9527-8F2FDA150387}.Release|x64.ActiveCfg = Release|x64
		{12B5647C-45AF-4CD3-9527-8F2FDA150387}.Release|x64.Build.0 = Release|x64
		{12B5647C-45AF-4CD3-9527-8F2FDA150387}.Release|x86.ActiveCfg = Release|Win32
		{12B5647C-45AF-4CD3-9527-8F2FDA150387}.Release|x86.Build.0 = Release|Win32
	EndGlobalSection
	GlobalSection(SolutionProperties) = preSolution
		HideSolutionNode = FALSE
	EndGlobalSection
	GlobalSection(ExtensibilityGlobals) = postSolution
		SolutionGuid = {8889DC8D-10BD-44EB-A4EE-98CB68E4EAFF}
	EndGlobalSection
EndGlobal
